
Microsoft Visual Studio Solution File, Format Version 12.00
# Visual Studio Version 17
VisualStudioVersion = 17.1.32319.34
MinimumVisualStudioVersion = 10.0.40219.1
Project("{9A19103F-16F7-4668-BE54-9A1E7A4F7556}") = "UserRegistration", "RegexUserRegistration\UserRegistration.csproj", "{2DB8BB43-4516-4FC5-834C-6A114A65BBBF}"
EndProject
Project("{9A19103F-16F7-4668-BE54-9A1E7A4F7556}") = "UserRegistrationMSTest", "RegexUserRegistrationMSTest\UserRegistrationMSTest.csproj", "{3A28FB52-15C5-432D-A5CD-DEC6BBD008F2}"
EndProject
Global
	GlobalSection(SolutionConfigurationPlatforms) = preSolution
		Debug|Any CPU = Debug|Any CPU
		Release|Any CPU = Release|Any CPU
	EndGlobalSection
	GlobalSection(ProjectConfigurationPlatforms) = postSolution
		{2DB8BB43-4516-4FC5-834C-6A114A65BBBF}.Debug|Any CPU.ActiveCfg = Debug|Any CPU
		{2DB8BB43-4516-4FC5-834C-6A114A65BBBF}.Debug|Any CPU.Build.0 = Debug|Any CPU
		{2DB8BB43-4516-4FC5-834C-6A114A65BBBF}.Release|Any CPU.ActiveCfg = Release|Any CPU
		{2DB8BB43-4516-4FC5-834C-6A114A65BBBF}.Release|Any CPU.Build.0 = Release|Any CPU
		{3A28FB52-15C5-432D-A5CD-DEC6BBD008F2}.Debug|Any CPU.ActiveCfg = Debug|Any CPU
		{3A28FB52-15C5-432D-A5CD-DEC6BBD008F2}.Debug|Any CPU.Build.0 = Debug|Any CPU
		{3A28FB52-15C5-432D-A5CD-DEC6BBD008F2}.Release|Any CPU.ActiveCfg = Release|Any CPU
		{3A28FB52-15C5-432D-A5CD-DEC6BBD008F2}.Release|Any CPU.Build.0 = Release|Any CPU
	EndGlobalSection
	GlobalSection(SolutionProperties) = preSolution
		HideSolutionNode = FALSE
	EndGlobalSection
	GlobalSection(ExtensibilityGlobals) = postSolution
		SolutionGuid = {858CCA93-E4BB-40E0-ADFB-C292D3E93097}
	EndGlobalSection
EndGlobal
